Microsoft Visual Studio Solution File, Format Version 12.00
# Visual Studio Version 17
VisualStudioVersion = 17.5.2.0
MinimumVisualStudioVersion = 10.0.40219.1
Project("{2150E333-8FDC-42A3-9474-1A3956D46DE8}") = "src", "src", "{827E0CD3-B72D-47B6-A68D-7590B98EB39B}"
EndProject
Project("{FAE04EC0-301F-11D3-BF4B-00C04F79EFBC}") = "Desktop", "src\Desktop\Desktop.csproj", "{92065FBA-BD0C-3880-EB1B-F667C97ED62D}"
EndProject
Project("{2150E333-8FDC-42A3-9474-1A3956D46DE8}") = "test", "test", "{05882FCC-7708-45B0-9C1A-C02A5054D331}"
EndProject
Project("{FAE04EC0-301F-11D3-BF4B-00C04F79EFBC}") = "Desktop.UITests", "test\Desktop.UITests\Desktop.UITests.csproj", "{50C238A1-B8AD-46DC-A494-A8E80195E59D}"
EndProject
Project("{FAE04EC0-301F-11D3-BF4B-00C04F79EFBC}") = "Business", "src\Business\Business.csproj", "{666F3C4F-CFD5-4DA1-B46E-9253E1A5BFF0}"
EndProject
Project("{FAE04EC0-301F-11D3-BF4B-00C04F79EFBC}") = "Business.Tests", "test\Business.Tests\Business.Tests.csproj", "{A1B2C3D4-E5F6-7890-ABCD-EF1234567890}"
EndProject
Project("{FAE04EC0-301F-11D3-BF4B-00C04F79EFBC}") = "Console", "src\Console\Console.csproj", "{93FC3D1E-2E44-4E1B-8980-707414DCA600}"
EndProject
Project("{FAE04EC0-301F-11D3-BF4B-00C04F79EFBC}") = "Console.Tests", "test\Console.Tests\Console.Tests.csproj", "{0E79558A-10ED-4897-B0D1-2042FEBF11F4}"
EndProject
Project("{FAE04EC0-301F-11D3-BF4B-00C04F79EFBC}") = "Console.AcceptanceTests", "test\Console.AcceptanceTests\Console.AcceptanceTests.csproj", "{19AED20A-034A-49F4-A931-2FDDBE60D3A8}"
EndProject
Global
	GlobalSection(SolutionConfigurationPlatforms) = preSolution
		Debug|Any CPU = Debug|Any CPU
		Release|Any CPU = Release|Any CPU
	EndGlobalSection
	GlobalSection(ProjectConfigurationPlatforms) = postSolution
		{92065FBA-BD0C-3880-EB1B-F667C97ED62D}.Debug|Any CPU.ActiveCfg = Debug|Any CPU
		{92065FBA-BD0C-3880-EB1B-F667C97ED62D}.Debug|Any CPU.Build.0 = Debug|Any CPU
		{92065FBA-BD0C-3880-EB1B-F667C97ED62D}.Release|Any CPU.ActiveCfg = Release|Any CPU
		{92065FBA-BD0C-3880-EB1B-F667C97ED62D}.Release|Any CPU.Build.0 = Release|Any CPU
		{50C238A1-B8AD-46DC-A494-A8E80195E59D}.Debug|Any CPU.ActiveCfg = Debug|Any CPU
		{50C238A1-B8AD-46DC-A494-A8E80195E59D}.Debug|Any CPU.Build.0 = Debug|Any CPU
		{50C238A1-B8AD-46DC-A494-A8E80195E59D}.Release|Any CPU.ActiveCfg = Release|Any CPU
		{50C238A1-B8AD-46DC-A494-A8E80195E59D}.Release|Any CPU.Build.0 = Release|Any CPU
		{666F3C4F-CFD5-4DA1-B46E-9253E1A5BFF0}.Debug|Any CPU.ActiveCfg = Debug|Any CPU
		{666F3C4F-CFD5-4DA1-B46E-9253E1A5BFF0}.Debug|Any CPU.Build.0 = Debug|Any CPU
		{666F3C4F-CFD5-4DA1-B46E-9253E1A5BFF0}.Release|Any CPU.ActiveCfg = Release|Any CPU
		{666F3C4F-CFD5-4DA1-B46E-9253E1A5BFF0}.Release|Any CPU.Build.0 = Release|Any CPU
		{A1B2C3D4-E5F6-7890-ABCD-EF1234567890}.Debug|Any CPU.ActiveCfg = Debug|Any CPU
		{A1B2C3D4-E5F6-7890-ABCD-EF1234567890}.Debug|Any CPU.Build.0 = Debug|Any CPU
		{A1B2C3D4-E5F6-7890-ABCD-EF1234567890}.Release|Any CPU.ActiveCfg = Release|Any CPU
		{A1B2C3D4-E5F6-7890-ABCD-EF1234567890}.Release|Any CPU.Build.0 = Release|Any CPU
		{93FC3D1E-2E44-4E1B-8980-707414DCA600}.Debug|Any CPU.ActiveCfg = Debug|Any CPU
		{93FC3D1E-2E44-4E1B-8980-707414DCA600}.Debug|Any CPU.Build.0 = Debug|Any CPU
		{93FC3D1E-2E44-4E1B-8980-707414DCA600}.Release|Any CPU.ActiveCfg = Release|Any CPU
		{93FC3D1E-2E44-4E1B-8980-707414DCA600}.Release|Any CPU.Build.0 = Release|Any CPU
		{0E79558A-10ED-4897-B0D1-2042FEBF11F4}.Debug|Any CPU.ActiveCfg = Debug|Any CPU
		{0E79558A-10ED-4897-B0D1-2042FEBF11F4}.Debug|Any CPU.Build.0 = Debug|Any CPU
		{0E79558A-10ED-4897-B0D1-2042FEBF11F4}.Release|Any CPU.ActiveCfg = Release|Any CPU
		{0E79558A-10ED-4897-B0D1-2042FEBF11F4}.Release|Any CPU.Build.0 = Release|Any CPU
		{19AED20A-034A-49F4-A931-2FDDBE60D3A8}.Debug|Any CPU.ActiveCfg = Debug|Any CPU
		{19AED20A-034A-49F4-A931-2FDDBE60D3A8}.Debug|Any CPU.Build.0 = Debug|Any CPU
		{19AED20A-034A-49F4-A931-2FDDBE60D3A8}.Release|Any CPU.ActiveCfg = Release|Any CPU
		{19AED20A-034A-49F4-A931-2FDDBE60D3A8}.Release|Any CPU.Build.0 = Release|Any CPU
	EndGlobalSection
	GlobalSection(SolutionProperties) = preSolution
		HideSolutionNode = FALSE
	EndGlobalSection
	GlobalSection(NestedProjects) = preSolution
		{92065FBA-BD0C-3880-EB1B-F667C97ED62D} = {827E0CD3-B72D-47B6-A68D-7590B98EB39B}
		{50C238A1-B8AD-46DC-A494-A8E80195E59D} = {05882FCC-7708-45B0-9C1A-C02A5054D331}
		{666F3C4F-CFD5-4DA1-B46E-9253E1A5BFF0} = {827E0CD3-B72D-47B6-A68D-7590B98EB39B}
		{A1B2C3D4-E5F6-7890-ABCD-EF1234567890} = {05882FCC-7708-45B0-9C1A-C02A5054D331}
		{93FC3D1E-2E44-4E1B-8980-707414DCA600} = {827E0CD3-B72D-47B6-A68D-7590B98EB39B}
		{0E79558A-10ED-4897-B0D1-2042FEBF11F4} = {05882FCC-7708-45B0-9C1A-C02A5054D331}
		{19AED20A-034A-49F4-A931-2FDDBE60D3A8} = {05882FCC-7708-45B0-9C1A-C02A5054D331}
	EndGlobalSection
	GlobalSection(ExtensibilityGlobals) = postSolution
		SolutionGuid = {095BCF27-AEEF-4C23-8B00-590A531D5A51}
	EndGlobalSection
EndGlobal
